
Microsoft Visual Studio Solution File, Format Version 12.00
# Visual Studio Version 16
VisualStudioVersion = 25.0.1706.8
MinimumVisualStudioVersion = 10.0.40219.1
Project("{FAE04EC0-301F-11D3-BF4B-00C04F79EFBC}") = "Tasks", "Tasks\Tasks.csproj", "{598D61D3-0763-41CB-BCB5-579D7F3F5804}"
EndProject
Project("{FAE04EC0-301F-11D3-BF4B-00C04F79EFBC}") = "Tasks.Domain", "Tasks.Domain\Tasks.Domain.csproj", "{06B05D5A-A00E-432D-82E0-7B0871A3763A}"
EndProject
Project("{FAE04EC0-301F-11D3-BF4B-00C04F79EFBC}") = "Tasks.Infrastructure", "Tasks.Infrastructure\Tasks.Infrastructure.csproj", "{C770D0C0-34C0-4960-A233-9F689C15098C}"
EndProject
Project("{FAE04EC0-301F-11D3-BF4B-00C04F79EFBC}") = "Tasks.Application", "Tasks.Application\Tasks.Application.csproj", "{D10D6ED9-A58C-444B-9E5C-A0872287D2EC}"
EndProject
Project("{FAE04EC0-301F-11D3-BF4B-00C04F79EFBC}") = "Tasks.API", "Tasks.API\Tasks.API.csproj", "{82B454F2-B9F6-4DC9-B584-6BA86CDECFD1}"
EndProject
Global
	GlobalSection(SolutionConfigurationPlatforms) = preSolution
		Debug|Any CPU = Debug|Any CPU
		Release|Any CPU = Release|Any CPU
	EndGlobalSection
	GlobalSection(ProjectConfigurationPlatforms) = postSolution
		{598D61D3-0763-41CB-BCB5-579D7F3F5804}.Debug|Any CPU.ActiveCfg = Debug|Any CPU
		{598D61D3-0763-41CB-BCB5-579D7F3F5804}.Debug|Any CPU.Build.0 = Debug|Any CPU
		{598D61D3-0763-41CB-BCB5-579D7F3F5804}.Release|Any CPU.ActiveCfg = Release|Any CPU
		{598D61D3-0763-41CB-BCB5-579D7F3F5804}.Release|Any CPU.Build.0 = Release|Any CPU
		{06B05D5A-A00E-432D-82E0-7B0871A3763A}.Debug|Any CPU.ActiveCfg = Debug|Any CPU
		{06B05D5A-A00E-432D-82E0-7B0871A3763A}.Debug|Any CPU.Build.0 = Debug|Any CPU
		{06B05D5A-A00E-432D-82E0-7B0871A3763A}.Release|Any CPU.ActiveCfg = Release|Any CPU
		{06B05D5A-A00E-432D-82E0-7B0871A3763A}.Release|Any CPU.Build.0 = Release|Any CPU
		{C770D0C0-34C0-4960-A233-9F689C15098C}.Debug|Any CPU.ActiveCfg = Debug|Any CPU
		{C770D0C0-34C0-4960-A233-9F689C15098C}.Debug|Any CPU.Build.0 = Debug|Any CPU
		{C770D0C0-34C0-4960-A233-9F689C15098C}.Release|Any CPU.ActiveCfg = Release|Any CPU
		{C770D0C0-34C0-4960-A233-9F689C15098C}.Release|Any CPU.Build.0 = Release|Any CPU
		{D10D6ED9-A58C-444B-9E5C-A0872287D2EC}.Debug|Any CPU.ActiveCfg = Debug|Any CPU
		{D10D6ED9-A58C-444B-9E5C-A0872287D2EC}.Debug|Any CPU.Build.0 = Debug|Any CPU
		{D10D6ED9-A58C-444B-9E5C-A0872287D2EC}.Release|Any CPU.ActiveCfg = Release|Any CPU
		{D10D6ED9-A58C-444B-9E5C-A0872287D2EC}.Release|Any CPU.Build.0 = Release|Any CPU
		{82B454F2-B9F6-4DC9-B584-6BA86CDECFD1}.Debug|Any CPU.ActiveCfg = Debug|Any CPU
		{82B454F2-B9F6-4DC9-B584-6BA86CDECFD1}.Debug|Any CPU.Build.0 = Debug|Any CPU
		{82B454F2-B9F6-4DC9-B584-6BA86CDECFD1}.Release|Any CPU.ActiveCfg = Release|Any CPU
		{82B454F2-B9F6-4DC9-B584-6BA86CDECFD1}.Release|Any CPU.Build.0 = Release|Any CPU
	EndGlobalSection
	GlobalSection(SolutionProperties) = preSolution
		HideSolutionNode = FALSE
	EndGlobalSection
	GlobalSection(ExtensibilityGlobals) = postSolution
		SolutionGuid = {7C8667AB-72DF-4EE4-8044-58BD4B055EFA}
	EndGlobalSection
EndGlobal
